
Microsoft Visual Studio Solution File, Format Version 12.00
# Visual Studio Version 16
VisualStudioVersion = 16.0.30413.136
MinimumVisualStudioVersion = 10.0.40219.1
Project("{FAE04EC0-301F-11D3-BF4B-00C04F79EFBC}") = "WCFArticle", "WCFArticle\WCFArticle.csproj", "{C0F1EED2-DB95-4FEE-B6E8-BAEF8F66121D}"
EndProject
Project("{FAE04EC0-301F-11D3-BF4B-00C04F79EFBC}") = "ConsoleArticle", "ConsoleArticle\ConsoleArticle.csproj", "{5EB4E7F0-3C3E-4BCC-BBEF-E9EA077BE848}"
	ProjectSection(ProjectDependencies) = postProject
		{C0F1EED2-DB95-4FEE-B6E8-BAEF8F66121D} = {C0F1EED2-DB95-4FEE-B6E8-BAEF8F66121D}
	EndProjectSection
EndProject
Global
	GlobalSection(SolutionConfigurationPlatforms) = preSolution
		Debug|Any CPU = Debug|Any CPU
		Release|Any CPU = Release|Any CPU
	EndGlobalSection
	GlobalSection(ProjectConfigurationPlatforms) = postSolution
		{C0F1EED2-DB95-4FEE-B6E8-BAEF8F66121D}.Debug|Any CPU.ActiveCfg = Debug|Any CPU
		{C0F1EED2-DB95-4FEE-B6E8-BAEF8F66121D}.Debug|Any CPU.Build.0 = Debug|Any CPU
		{C0F1EED2-DB95-4FEE-B6E8-BAEF8F66121D}.Release|Any CPU.ActiveCfg = Release|Any CPU
		{C0F1EED2-DB95-4FEE-B6E8-BAEF8F66121D}.Release|Any CPU.Build.0 = Release|Any CPU
		{5EB4E7F0-3C3E-4BCC-BBEF-E9EA077BE848}.Debug|Any CPU.ActiveCfg = Debug|Any CPU
		{5EB4E7F0-3C3E-4BCC-BBEF-E9EA077BE848}.Debug|Any CPU.Build.0 = Debug|Any CPU
		{5EB4E7F0-3C3E-4BCC-BBEF-E9EA077BE848}.Release|Any CPU.ActiveCfg = Release|Any CPU
		{5EB4E7F0-3C3E-4BCC-BBEF-E9EA077BE848}.Release|Any CPU.Build.0 = Release|Any CPU
	EndGlobalSection
	GlobalSection(SolutionProperties) = preSolution
		HideSolutionNode = FALSE
	EndGlobalSection
	GlobalSection(ExtensibilityGlobals) = postSolution
		SolutionGuid = {250581EE-C72D-47ED-AC98-59DC5CBCDF93}
	EndGlobalSection
EndGlobal
